// !$*UTF8*$!
{
	archiveVersion = 1;
	classes = {
	};
	objectVersion = 56;
	objects = {

/* Begin PBXBuildFile section */
		BB03FB3829CC884800196683 /* user.json in Resources */ = {isa = PBXBuildFile; fileRef = BB03FB3729CC884800196683 /* user.json */; };
		BB03FB3A29CC8A9E00196683 /* Network.swift in Sources */ = {isa = PBXBuildFile; fileRef = BB03FB3929CC8A9E00196683 /* Network.swift */; };
		BB03FB3C29CC8E4800196683 /* LoginView.swift in Sources */ = {isa = PBXBuildFile; fileRef = BB03FB3B29CC8E4800196683 /* LoginView.swift */; };
		BB4A343629B4ED5000695DA8 /* ElectroShopApp.swift in Sources */ = {isa = PBXBuildFile; fileRef = BB4A343529B4ED5000695DA8 /* ElectroShopApp.swift */; };
		BB4A343A29B4ED5100695DA8 /* Assets.xcassets in Resources */ = {isa = PBXBuildFile; fileRef = BB4A343929B4ED5100695DA8 /* Assets.xcassets */; };
		BB4A343D29B4ED5100695DA8 /* Preview Assets.xcassets in Resources */ = {isa = PBXBuildFile; fileRef = BB4A343C29B4ED5100695DA8 /* Preview Assets.xcassets */; };
		BB4A344729B4ED5100695DA8 /* ElectroShopTests.swift in Sources */ = {isa = PBXBuildFile; fileRef = BB4A344629B4ED5100695DA8 /* ElectroShopTests.swift */; };
		BB4A345129B4ED5100695DA8 /* ElectroShopUITests.swift in Sources */ = {isa = PBXBuildFile; fileRef = BB4A345029B4ED5100695DA8 /* ElectroShopUITests.swift */; };
		BB4A345329B4ED5100695DA8 /* ElectroShopUITestsLaunchTests.swift in Sources */ = {isa = PBXBuildFile; fileRef = BB4A345229B4ED5100695DA8 /* ElectroShopUITestsLaunchTests.swift */; };
		BB4A346C29B4EF2700695DA8 /* MainView.swift in Sources */ = {isa = PBXBuildFile; fileRef = BB4A346B29B4EF2700695DA8 /* MainView.swift */; };
		BB4A346F29B4F02100695DA8 /* HomeView.swift in Sources */ = {isa = PBXBuildFile; fileRef = BB4A346E29B4F02100695DA8 /* HomeView.swift */; };
		BB4A347129B4F02A00695DA8 /* CatalogView.swift in Sources */ = {isa = PBXBuildFile; fileRef = BB4A347029B4F02A00695DA8 /* CatalogView.swift */; };
		BB4A347329B4F03100695DA8 /* CartView.swift in Sources */ = {isa = PBXBuildFile; fileRef = BB4A347229B4F03100695DA8 /* CartView.swift */; };
		BB4A347529B4F03A00695DA8 /* ProfileView.swift in Sources */ = {isa = PBXBuildFile; fileRef = BB4A347429B4F03A00695DA8 /* ProfileView.swift */; };
		BB4A347829B4F35400695DA8 /* PromoView.swift in Sources */ = {isa = PBXBuildFile; fileRef = BB4A347729B4F35400695DA8 /* PromoView.swift */; };
		BB4A347B29B6460300695DA8 /* SearchView.swift in Sources */ = {isa = PBXBuildFile; fileRef = BB4A347A29B6460300695DA8 /* SearchView.swift */; };
		BB4A347E29B647DB00695DA8 /* PromoCellView.swift in Sources */ = {isa = PBXBuildFile; fileRef = BB4A347D29B647DB00695DA8 /* PromoCellView.swift */; };
		BB4A348429B8C40B00695DA8 /* ProductModel.swift in Sources */ = {isa = PBXBuildFile; fileRef = BB4A348329B8C40B00695DA8 /* ProductModel.swift */; };
		BB4A348629B8C67400695DA8 /* Bundle+decode.swift in Sources */ = {isa = PBXBuildFile; fileRef = BB4A348529B8C67400695DA8 /* Bundle+decode.swift */; };
		BB4A348829BF37DC00695DA8 /* Order.swift in Sources */ = {isa = PBXBuildFile; fileRef = BB4A348729BF37DC00695DA8 /* Order.swift */; };
		BB4A349129C7636000695DA8 /* ProductDetailView.swift in Sources */ = {isa = PBXBuildFile; fileRef = BB4A349029C7636000695DA8 /* ProductDetailView.swift */; };
		BB4A349329CA0F8100695DA8 /* Modifiers.swift in Sources */ = {isa = PBXBuildFile; fileRef = BB4A349229CA0F8100695DA8 /* Modifiers.swift */; };
		BB4A349729CA178600695DA8 /* ProductCellView.swift in Sources */ = {isa = PBXBuildFile; fileRef = BB4A349629CA178600695DA8 /* ProductCellView.swift */; };
		BB4A34D529CC36A800695DA8 /* CartCellView.swift in Sources */ = {isa = PBXBuildFile; fileRef = BB4A34D429CC36A800695DA8 /* CartCellView.swift */; };
		BB4A34D729CC5AD200695DA8 /* example.json in Resources */ = {isa = PBXBuildFile; fileRef = BB4A34D629CC5AD200695DA8 /* example.json */; };
		BB4A34E029CC6EDB00695DA8 /* LoginResult.swift in Sources */ = {isa = PBXBuildFile; fileRef = BB4A34DF29CC6EDB00695DA8 /* LoginResult.swift */; };
/* End PBXBuildFile section */

/* Begin PBXContainerItemProxy section */
		BB4A344329B4ED5100695DA8 /* PBXContainerItemProxy */ = {
			isa = PBXContainerItemProxy;
			containerPortal = BB4A342A29B4ED5000695DA8 /* Project object */;
			proxyType = 1;
			remoteGlobalIDString = BB4A343129B4ED5000695DA8;
			remoteInfo = ElectroShop;
		};
		BB4A344D29B4ED5100695DA8 /* PBXContainerItemProxy */ = {
			isa = PBXContainerItemProxy;
			containerPortal = BB4A342A29B4ED5000695DA8 /* Project object */;
			proxyType = 1;
			remoteGlobalIDString = BB4A343129B4ED5000695DA8;
			remoteInfo = ElectroShop;
		};
/* End PBXContainerItemProxy section */

/* Begin PBXFileReference section */
		BB03FB3729CC884800196683 /* user.json */ = {isa = PBXFileReference; fileEncoding = 4; lastKnownFileType = text.json; path = user.json; sourceTree = "<group>"; };
		BB03FB3929CC8A9E00196683 /* Network.swift */ = {isa = PBXFileReference; lastKnownFileType = sourcecode.swift; path = Network.swift; sourceTree = "<group>"; };
		BB03FB3B29CC8E4800196683 /* LoginView.swift */ = {isa = PBXFileReference; lastKnownFileType = sourcecode.swift; path = LoginView.swift; sourceTree = "<group>"; };
		BB4A343229B4ED5000695DA8 /* ElectroShop.app */ = {isa = PBXFileReference; explicitFileType = wrapper.application; includeInIndex = 0; path = ElectroShop.app; sourceTree = BUILT_PRODUCTS_DIR; };
		BB4A343529B4ED5000695DA8 /* ElectroShopApp.swift */ = {isa = PBXFileReference; lastKnownFileType = sourcecode.swift; path = ElectroShopApp.swift; sourceTree = "<group>"; };
		BB4A343929B4ED5100695DA8 /* Assets.xcassets */ = {isa = PBXFileReference; lastKnownFileType = folder.assetcatalog; path = Assets.xcassets; sourceTree = "<group>"; };
		BB4A343C29B4ED5100695DA8 /* Preview Assets.xcassets */ = {isa = PBXFileReference; lastKnownFileType = folder.assetcatalog; path = "Preview Assets.xcassets"; sourceTree = "<group>"; };
		BB4A344229B4ED5100695DA8 /* ElectroShopTests.xctest */ = {isa = PBXFileReference; explicitFileType = wrapper.cfbundle; includeInIndex = 0; path = ElectroShopTests.xctest; sourceTree = BUILT_PRODUCTS_DIR; };
		BB4A344629B4ED5100695DA8 /* ElectroShopTests.swift */ = {isa = PBXFileReference; lastKnownFileType = sourcecode.swift; path = ElectroShopTests.swift; sourceTree = "<group>"; };
		BB4A344C29B4ED5100695DA8 /* ElectroShopUITests.xctest */ = {isa = PBXFileReference; explicitFileType = wrapper.cfbundle; includeInIndex = 0; path = ElectroShopUITests.xctest; sourceTree = BUILT_PRODUCTS_DIR; };
		BB4A345029B4ED5100695DA8 /* ElectroShopUITests.swift */ = {isa = PBXFileReference; lastKnownFileType = sourcecode.swift; path = ElectroShopUITests.swift; sourceTree = "<group>"; };
		BB4A345229B4ED5100695DA8 /* ElectroShopUITestsLaunchTests.swift */ = {isa = PBXFileReference; lastKnownFileType = sourcecode.swift; path = ElectroShopUITestsLaunchTests.swift; sourceTree = "<group>"; };
		BB4A346B29B4EF2700695DA8 /* MainView.swift */ = {isa = PBXFileReference; lastKnownFileType = sourcecode.swift; path = MainView.swift; sourceTree = "<group>"; };
		BB4A346E29B4F02100695DA8 /* HomeView.swift */ = {isa = PBXFileReference; lastKnownFileType = sourcecode.swift; path = HomeView.swift; sourceTree = "<group>"; };
		BB4A347029B4F02A00695DA8 /* CatalogView.swift */ = {isa = PBXFileReference; lastKnownFileType = sourcecode.swift; path = CatalogView.swift; sourceTree = "<group>"; };
		BB4A347229B4F03100695DA8 /* CartView.swift */ = {isa = PBXFileReference; lastKnownFileType = sourcecode.swift; path = CartView.swift; sourceTree = "<group>"; };
		BB4A347429B4F03A00695DA8 /* ProfileView.swift */ = {isa = PBXFileReference; lastKnownFileType = sourcecode.swift; path = ProfileView.swift; sourceTree = "<group>"; };
		BB4A347729B4F35400695DA8 /* PromoView.swift */ = {isa = PBXFileReference; lastKnownFileType = sourcecode.swift; path = PromoView.swift; sourceTree = "<group>"; };
		BB4A347A29B6460300695DA8 /* SearchView.swift */ = {isa = PBXFileReference; lastKnownFileType = sourcecode.swift; path = SearchView.swift; sourceTree = "<group>"; };
		BB4A347D29B647DB00695DA8 /* PromoCellView.swift */ = {isa = PBXFileReference; lastKnownFileType = sourcecode.swift; path = PromoCellView.swift; sourceTree = "<group>"; };
		BB4A348329B8C40B00695DA8 /* ProductModel.swift */ = {isa = PBXFileReference; lastKnownFileType = sourcecode.swift; path = ProductModel.swift; sourceTree = "<group>"; };
		BB4A348529B8C67400695DA8 /* Bundle+decode.swift */ = {isa = PBXFileReference; lastKnownFileType = sourcecode.swift; path = "Bundle+decode.swift"; sourceTree = "<group>"; };
		BB4A348729BF37DC00695DA8 /* Order.swift */ = {isa = PBXFileReference; lastKnownFileType = sourcecode.swift; path = Order.swift; sourceTree = "<group>"; };
		BB4A349029C7636000695DA8 /* ProductDetailView.swift */ = {isa = PBXFileReference; lastKnownFileType = sourcecode.swift; path = ProductDetailView.swift; sourceTree = "<group>"; };
		BB4A349229CA0F8100695DA8 /* Modifiers.swift */ = {isa = PBXFileReference; lastKnownFileType = sourcecode.swift; path = Modifiers.swift; sourceTree = "<group>"; };
		BB4A349629CA178600695DA8 /* ProductCellView.swift */ = {isa = PBXFileReference; lastKnownFileType = sourcecode.swift; path = ProductCellView.swift; sourceTree = "<group>"; };
		BB4A34D429CC36A800695DA8 /* CartCellView.swift */ = {isa = PBXFileReference; lastKnownFileType = sourcecode.swift; path = CartCellView.swift; sourceTree = "<group>"; };
		BB4A34D629CC5AD200695DA8 /* example.json */ = {isa = PBXFileReference; fileEncoding = 4; lastKnownFileType = text.json; path = example.json; sourceTree = "<group>"; };
		BB4A34DF29CC6EDB00695DA8 /* LoginResult.swift */ = {isa = PBXFileReference; lastKnownFileType = sourcecode.swift; path = LoginResult.swift; sourceTree = "<group>"; };
/* End PBXFileReference section */

/* Begin PBXFrameworksBuildPhase section */
		BB4A342F29B4ED5000695DA8 /* Frameworks */ = {
			isa = PBXFrameworksBuildPhase;
			buildActionMask = 2147483647;
			files = (
			);
			runOnlyForDeploymentPostprocessing = 0;
		};
		BB4A343F29B4ED5100695DA8 /* Frameworks */ = {
			isa = PBXFrameworksBuildPhase;
			buildActionMask = 2147483647;
			files = (
			);
			runOnlyForDeploymentPostprocessing = 0;
		};
		BB4A344929B4ED5100695DA8 /* Frameworks */ = {
			isa = PBXFrameworksBuildPhase;
			buildActionMask = 2147483647;
			files = (
			);
			runOnlyForDeploymentPostprocessing = 0;
		};
/* End PBXFrameworksBuildPhase section */

/* Begin PBXGroup section */
		BB4A342929B4ED5000695DA8 = {
			isa = PBXGroup;
			children = (
				BB4A343429B4ED5000695DA8 /* ElectroShop */,
				BB4A344529B4ED5100695DA8 /* ElectroShopTests */,
				BB4A344F29B4ED5100695DA8 /* ElectroShopUITests */,
				BB4A343329B4ED5000695DA8 /* Products */,
			);
			sourceTree = "<group>";
		};
		BB4A343329B4ED5000695DA8 /* Products */ = {
			isa = PBXGroup;
			children = (
				BB4A343229B4ED5000695DA8 /* ElectroShop.app */,
				BB4A344229B4ED5100695DA8 /* ElectroShopTests.xctest */,
				BB4A344C29B4ED5100695DA8 /* ElectroShopUITests.xctest */,
			);
			name = Products;
			sourceTree = "<group>";
		};
		BB4A343429B4ED5000695DA8 /* ElectroShop */ = {
			isa = PBXGroup;
			children = (
				BB4A346229B4ED9700695DA8 /* Environments */,
				BB4A346129B4ED8D00695DA8 /* Resources */,
				BB4A346029B4ED8000695DA8 /* Core */,
				BB4A345F29B4ED7600695DA8 /* App */,
			);
			path = ElectroShop;
			sourceTree = "<group>";
		};
		BB4A343B29B4ED5100695DA8 /* Preview Content */ = {
			isa = PBXGroup;
			children = (
				BB4A343C29B4ED5100695DA8 /* Preview Assets.xcassets */,
			);
			path = "Preview Content";
			sourceTree = "<group>";
		};
		BB4A344529B4ED5100695DA8 /* ElectroShopTests */ = {
			isa = PBXGroup;
			children = (
				BB4A344629B4ED5100695DA8 /* ElectroShopTests.swift */,
			);
			path = ElectroShopTests;
			sourceTree = "<group>";
		};
		BB4A344F29B4ED5100695DA8 /* ElectroShopUITests */ = {
			isa = PBXGroup;
			children = (
				BB4A345029B4ED5100695DA8 /* ElectroShopUITests.swift */,
				BB4A345229B4ED5100695DA8 /* ElectroShopUITestsLaunchTests.swift */,
			);
			path = ElectroShopUITests;
			sourceTree = "<group>";
		};
		BB4A345F29B4ED7600695DA8 /* App */ = {
			isa = PBXGroup;
			children = (
				BB4A346629B4EDDE00695DA8 /* Flows */,
				BB4A346529B4EDD000695DA8 /* Assembly */,
				BB4A346429B4EDC700695DA8 /* Entity */,
				BB4A346329B4EDBA00695DA8 /* BusinessLogic */,
			);
			path = App;
			sourceTree = "<group>";
		};
		BB4A346029B4ED8000695DA8 /* Core */ = {
			isa = PBXGroup;
			children = (
				BB4A349229CA0F8100695DA8 /* Modifiers.swift */,
			);
			path = Core;
			sourceTree = "<group>";
		};
		BB4A346129B4ED8D00695DA8 /* Resources */ = {
			isa = PBXGroup;
			children = (
				BB4A343B29B4ED5100695DA8 /* Preview Content */,
				BB4A343929B4ED5100695DA8 /* Assets.xcassets */,
			);
			path = Resources;
			sourceTree = "<group>";
		};
		BB4A346229B4ED9700695DA8 /* Environments */ = {
			isa = PBXGroup;
			children = (
				BB4A343529B4ED5000695DA8 /* ElectroShopApp.swift */,
			);
			path = Environments;
			sourceTree = "<group>";
		};
		BB4A346329B4EDBA00695DA8 /* BusinessLogic */ = {
			isa = PBXGroup;
			children = (
				BB4A348529B8C67400695DA8 /* Bundle+decode.swift */,
				BB4A348729BF37DC00695DA8 /* Order.swift */,
				BB03FB3929CC8A9E00196683 /* Network.swift */,
			);
			path = BusinessLogic;
			sourceTree = "<group>";
		};
		BB4A346429B4EDC700695DA8 /* Entity */ = {
			isa = PBXGroup;
			children = (
				BB4A34D629CC5AD200695DA8 /* example.json */,
				BB03FB3729CC884800196683 /* user.json */,
				BB4A348329B8C40B00695DA8 /* ProductModel.swift */,
				BB4A34DF29CC6EDB00695DA8 /* LoginResult.swift */,
			);
			path = Entity;
			sourceTree = "<group>";
		};
		BB4A346529B4EDD000695DA8 /* Assembly */ = {
			isa = PBXGroup;
			children = (
			);
			path = Assembly;
			sourceTree = "<group>";
		};
		BB4A346629B4EDDE00695DA8 /* Flows */ = {
			isa = PBXGroup;
			children = (
				BB4A346729B4EE0B00695DA8 /* Main */,
				BB4A346D29B4F01400695DA8 /* Home */,
				BB4A346829B4EE1400695DA8 /* Catalog */,
				BB4A347929B645EE00695DA8 /* Search */,
				BB4A346929B4EE2200695DA8 /* Cart */,
				BB4A346A29B4EE2A00695DA8 /* Profile */,
				BB4A348B29C6F46600695DA8 /* ProductDetailView */,
				BB4A347C29B6469B00695DA8 /* AdditionalView */,
			);
			path = Flows;
			sourceTree = "<group>";
		};
		BB4A346729B4EE0B00695DA8 /* Main */ = {
			isa = PBXGroup;
			children = (
				BB4A346B29B4EF2700695DA8 /* MainView.swift */,
			);
			path = Main;
			sourceTree = "<group>";
		};
		BB4A346829B4EE1400695DA8 /* Catalog */ = {
			isa = PBXGroup;
			children = (
				BB4A347029B4F02A00695DA8 /* CatalogView.swift */,
			);
			path = Catalog;
			sourceTree = "<group>";
		};
		BB4A346929B4EE2200695DA8 /* Cart */ = {
			isa = PBXGroup;
			children = (
				BB4A347229B4F03100695DA8 /* CartView.swift */,
			);
			path = Cart;
			sourceTree = "<group>";
		};
		BB4A346A29B4EE2A00695DA8 /* Profile */ = {
			isa = PBXGroup;
			children = (
				BB4A347429B4F03A00695DA8 /* ProfileView.swift */,
				BB03FB3B29CC8E4800196683 /* LoginView.swift */,
			);
			path = Profile;
			sourceTree = "<group>";
		};
		BB4A346D29B4F01400695DA8 /* Home */ = {
			isa = PBXGroup;
			children = (
				BB4A346E29B4F02100695DA8 /* HomeView.swift */,
			);
			path = Home;
			sourceTree = "<group>";
		};
		BB4A347629B4F33000695DA8 /* Promo */ = {
			isa = PBXGroup;
			children = (
				BB4A347729B4F35400695DA8 /* PromoView.swift */,
				BB4A347D29B647DB00695DA8 /* PromoCellView.swift */,
			);
			path = Promo;
			sourceTree = "<group>";
		};
		BB4A347929B645EE00695DA8 /* Search */ = {
			isa = PBXGroup;
			children = (
				BB4A347A29B6460300695DA8 /* SearchView.swift */,
			);
			path = Search;
			sourceTree = "<group>";
		};
		BB4A347C29B6469B00695DA8 /* AdditionalView */ = {
			isa = PBXGroup;
			children = (
				BB4A347629B4F33000695DA8 /* Promo */,
				BB4A349629CA178600695DA8 /* ProductCellView.swift */,
				BB4A34D429CC36A800695DA8 /* CartCellView.swift */,
			);
			path = AdditionalView;
			sourceTree = "<group>";
		};
		BB4A348B29C6F46600695DA8 /* ProductDetailView */ = {
			isa = PBXGroup;
			children = (
				BB4A349029C7636000695DA8 /* ProductDetailView.swift */,
			);
			path = ProductDetailView;
			sourceTree = "<group>";
		};
/* End PBXGroup section */

/* Begin PBXNativeTarget section */
		BB4A343129B4ED5000695DA8 /* ElectroShop */ = {
			isa = PBXNativeTarget;
			buildConfigurationList = BB4A345629B4ED5100695DA8 /* Build configuration list for PBXNativeTarget "ElectroShop" */;
			buildPhases = (
				BB4A342E29B4ED5000695DA8 /* Sources */,
				BB4A342F29B4ED5000695DA8 /* Frameworks */,
				BB4A343029B4ED5000695DA8 /* Resources */,
			);
			buildRules = (
			);
			dependencies = (
			);
			name = ElectroShop;
			productName = ElectroShop;
			productReference = BB4A343229B4ED5000695DA8 /* ElectroShop.app */;
			productType = "com.apple.product-type.application";
		};
		BB4A344129B4ED5100695DA8 /* ElectroShopTests */ = {
			isa = PBXNativeTarget;
			buildConfigurationList = BB4A345929B4ED5100695DA8 /* Build configuration list for PBXNativeTarget "ElectroShopTests" */;
			buildPhases = (
				BB4A343E29B4ED5100695DA8 /* Sources */,
				BB4A343F29B4ED5100695DA8 /* Frameworks */,
				BB4A344029B4ED5100695DA8 /* Resources */,
			);
			buildRules = (
			);
			dependencies = (
				BB4A344429B4ED5100695DA8 /* PBXTargetDependency */,
			);
			name = ElectroShopTests;
			productName = ElectroShopTests;
			productReference = BB4A344229B4ED5100695DA8 /* ElectroShopTests.xctest */;
			productType = "com.apple.product-type.bundle.unit-test";
		};
		BB4A344B29B4ED5100695DA8 /* ElectroShopUITests */ = {
			isa = PBXNativeTarget;
			buildConfigurationList = BB4A345C29B4ED5100695DA8 /* Build configuration list for PBXNativeTarget "ElectroShopUITests" */;
			buildPhases = (
				BB4A344829B4ED5100695DA8 /* Sources */,
				BB4A344929B4ED5100695DA8 /* Frameworks */,
				BB4A344A29B4ED5100695DA8 /* Resources */,
			);
			buildRules = (
			);
			dependencies = (
				BB4A344E29B4ED5100695DA8 /* PBXTargetDependency */,
			);
			name = ElectroShopUITests;
			productName = ElectroShopUITests;
			productReference = BB4A344C29B4ED5100695DA8 /* ElectroShopUITests.xctest */;
			productType = "com.apple.product-type.bundle.ui-testing";
		};
/* End PBXNativeTarget section */

/* Begin PBXProject section */
		BB4A342A29B4ED5000695DA8 /* Project object */ = {
			isa = PBXProject;
			attributes = {
				BuildIndependentTargetsInParallel = 1;
				LastSwiftUpdateCheck = 1420;
				LastUpgradeCheck = 1420;
				TargetAttributes = {
					BB4A343129B4ED5000695DA8 = {
						CreatedOnToolsVersion = 14.2;
					};
					BB4A344129B4ED5100695DA8 = {
						CreatedOnToolsVersion = 14.2;
						TestTargetID = BB4A343129B4ED5000695DA8;
					};
					BB4A344B29B4ED5100695DA8 = {
						CreatedOnToolsVersion = 14.2;
						TestTargetID = BB4A343129B4ED5000695DA8;
					};
				};
			};
			buildConfigurationList = BB4A342D29B4ED5000695DA8 /* Build configuration list for PBXProject "ElectroShop" */;
			compatibilityVersion = "Xcode 14.0";
			developmentRegion = en;
			hasScannedForEncodings = 0;
			knownRegions = (
				en,
				Base,
			);
			mainGroup = BB4A342929B4ED5000695DA8;
			productRefGroup = BB4A343329B4ED5000695DA8 /* Products */;
			projectDirPath = "";
			projectRoot = "";
			targets = (
				BB4A343129B4ED5000695DA8 /* ElectroShop */,
				BB4A344129B4ED5100695DA8 /* ElectroShopTests */,
				BB4A344B29B4ED5100695DA8 /* ElectroShopUITests */,
			);
		};
/* End PBXProject section */

/* Begin PBXResourcesBuildPhase section */
		BB4A343029B4ED5000695DA8 /* Resources */ = {
			isa = PBXResourcesBuildPhase;
			buildActionMask = 2147483647;
			files = (
				BB4A343D29B4ED5100695DA8 /* Preview Assets.xcassets in Resources */,
				BB4A343A29B4ED5100695DA8 /* Assets.xcassets in Resources */,
				BB03FB3829CC884800196683 /* user.json in Resources */,
				BB4A34D729CC5AD200695DA8 /* example.json in Resources */,
			);
			runOnlyForDeploymentPostprocessing = 0;
		};
		BB4A344029B4ED5100695DA8 /* Resources */ = {
			isa = PBXResourcesBuildPhase;
			buildActionMask = 2147483647;
			files = (
			);
			runOnlyForDeploymentPostprocessing = 0;
		};
		BB4A344A29B4ED5100695DA8 /* Resources */ = {
			isa = PBXResourcesBuildPhase;
			buildActionMask = 2147483647;
			files = (
			);
			runOnlyForDeploymentPostprocessing = 0;
		};
/* End PBXResourcesBuildPhase section */

/* Begin PBXSourcesBuildPhase section */
		BB4A342E29B4ED5000695DA8 /* Sources */ = {
			isa = PBXSourcesBuildPhase;
			buildActionMask = 2147483647;
			files = (
				BB4A347829B4F35400695DA8 /* PromoView.swift in Sources */,
				BB4A347329B4F03100695DA8 /* CartView.swift in Sources */,
				BB4A346F29B4F02100695DA8 /* HomeView.swift in Sources */,
				BB4A347E29B647DB00695DA8 /* PromoCellView.swift in Sources */,
				BB4A346C29B4EF2700695DA8 /* MainView.swift in Sources */,
				BB4A347B29B6460300695DA8 /* SearchView.swift in Sources */,
				BB4A348629B8C67400695DA8 /* Bundle+decode.swift in Sources */,
				BB4A348429B8C40B00695DA8 /* ProductModel.swift in Sources */,
				BB4A349729CA178600695DA8 /* ProductCellView.swift in Sources */,
				BB4A347129B4F02A00695DA8 /* CatalogView.swift in Sources */,
				BB4A349129C7636000695DA8 /* ProductDetailView.swift in Sources */,
				BB4A349329CA0F8100695DA8 /* Modifiers.swift in Sources */,
				BB4A34D529CC36A800695DA8 /* CartCellView.swift in Sources */,
				BB4A348829BF37DC00695DA8 /* Order.swift in Sources */,
				BB03FB3A29CC8A9E00196683 /* Network.swift in Sources */,
				BB4A347529B4F03A00695DA8 /* ProfileView.swift in Sources */,
				BB03FB3C29CC8E4800196683 /* LoginView.swift in Sources */,
				BB4A343629B4ED5000695DA8 /* ElectroShopApp.swift in Sources */,
				BB4A34E029CC6EDB00695DA8 /* LoginResult.swift in Sources */,
			);
			runOnlyForDeploymentPostprocessing = 0;
		};
		BB4A343E29B4ED5100695DA8 /* Sources */ = {
			isa = PBXSourcesBuildPhase;
			buildActionMask = 2147483647;
			files = (
				BB4A344729B4ED5100695DA8 /* ElectroShopTests.swift in Sources */,
			);
			runOnlyForDeploymentPostprocessing = 0;
		};
		BB4A344829B4ED5100695DA8 /* Sources */ = {
			isa = PBXSourcesBuildPhase;
			buildActionMask = 2147483647;
			files = (
				BB4A345129B4ED5100695DA8 /* ElectroShopUITests.swift in Sources */,
				BB4A345329B4ED5100695DA8 /* ElectroShopUITestsLaunchTests.swift in Sources */,
			);
			runOnlyForDeploymentPostprocessing = 0;
		};
/* End PBXSourcesBuildPhase section */

/* Begin PBXTargetDependency section */
		BB4A344429B4ED5100695DA8 /* PBXTargetDependency */ = {
			isa = PBXTargetDependency;
			target = BB4A343129B4ED5000695DA8 /* ElectroShop */;
			targetProxy = BB4A344329B4ED5100695DA8 /* PBXContainerItemProxy */;
		};
		BB4A344E29B4ED5100695DA8 /* PBXTargetDependency */ = {
			isa = PBXTargetDependency;
			target = BB4A343129B4ED5000695DA8 /* ElectroShop */;
			targetProxy = BB4A344D29B4ED5100695DA8 /* PBXContainerItemProxy */;
		};
/* End PBXTargetDependency section */

/* Begin XCBuildConfiguration section */
		BB4A345429B4ED5100695DA8 /* Debug */ = {
			isa = XCBuildConfiguration;
			buildSettings = {
				ALWAYS_SEARCH_USER_PATHS = NO;
				CLANG_ANALYZER_NONNULL = YES;
				CLANG_ANALYZER_NUMBER_OBJECT_CONVERSION = YES_AGGRESSIVE;
				CLANG_CXX_LANGUAGE_STANDARD = "gnu++20";
				CLANG_ENABLE_MODULES = YES;
				CLANG_ENABLE_OBJC_ARC = YES;
				CLANG_ENABLE_OBJC_WEAK = YES;
				CLANG_WARN_BLOCK_CAPTURE_AUTORELEASING = YES;
				CLANG_WARN_BOOL_CONVERSION = YES;
				CLANG_WARN_COMMA = YES;
				CLANG_WARN_CONSTANT_CONVERSION = YES;
				CLANG_WARN_DEPRECATED_OBJC_IMPLEMENTATIONS = YES;
				CLANG_WARN_DIRECT_OBJC_ISA_USAGE = YES_ERROR;
				CLANG_WARN_DOCUMENTATION_COMMENTS = YES;
				CLANG_WARN_EMPTY_BODY = YES;
				CLANG_WARN_ENUM_CONVERSION = YES;
				CLANG_WARN_INFINITE_RECURSION = YES;
				CLANG_WARN_INT_CONVERSION = YES;
				CLANG_WARN_NON_LITERAL_NULL_CONVERSION = YES;
				CLANG_WARN_OBJC_IMPLICIT_RETAIN_SELF = YES;
				CLANG_WARN_OBJC_LITERAL_CONVERSION = YES;
				CLANG_WARN_OBJC_ROOT_CLASS = YES_ERROR;
				CLANG_WARN_QUOTED_INCLUDE_IN_FRAMEWORK_HEADER = YES;
				CLANG_WARN_RANGE_LOOP_ANALYSIS = YES;
				CLANG_WARN_STRICT_PROTOTYPES = YES;
				CLANG_WARN_SUSPICIOUS_MOVE = YES;
				CLANG_WARN_UNGUARDED_AVAILABILITY = YES_AGGRESSIVE;
				CLANG_WARN_UNREACHABLE_CODE = YES;
				CLANG_WARN__DUPLICATE_METHOD_MATCH = YES;
				COPY_PHASE_STRIP = NO;
				DEBUG_INFORMATION_FORMAT = dwarf;
				ENABLE_STRICT_OBJC_MSGSEND = YES;
				ENABLE_TESTABILITY = YES;
				GCC_C_LANGUAGE_STANDARD = gnu11;
				GCC_DYNAMIC_NO_PIC = NO;
				GCC_NO_COMMON_BLOCKS = YES;
				GCC_OPTIMIZATION_LEVEL = 0;
				GCC_PREPROCESSOR_DEFINITIONS = (
					"DEBUG=1",
					"$(inherited)",
				);
				GCC_WARN_64_TO_32_BIT_CONVERSION = YES;
				GCC_WARN_ABOUT_RETURN_TYPE = YES_ERROR;
				GCC_WARN_UNDECLARED_SELECTOR = YES;
				GCC_WARN_UNINITIALIZED_AUTOS = YES_AGGRESSIVE;
				GCC_WARN_UNUSED_FUNCTION = YES;
				GCC_WARN_UNUSED_VARIABLE = YES;
				IPHONEOS_DEPLOYMENT_TARGET = 16.2;
				MTL_ENABLE_DEBUG_INFO = INCLUDE_SOURCE;
				MTL_FAST_MATH = YES;
				ONLY_ACTIVE_ARCH = YES;
				SDKROOT = iphoneos;
				SWIFT_ACTIVE_COMPILATION_CONDITIONS = DEBUG;
				SWIFT_OPTIMIZATION_LEVEL = "-Onone";
			};
			name = Debug;
		};
		BB4A345529B4ED5100695DA8 /* Release */ = {
			isa = XCBuildConfiguration;
			buildSettings = {
				ALWAYS_SEARCH_USER_PATHS = NO;
				CLANG_ANALYZER_NONNULL = YES;
				CLANG_ANALYZER_NUMBER_OBJECT_CONVERSION = YES_AGGRESSIVE;
				CLANG_CXX_LANGUAGE_STANDARD = "gnu++20";
				CLANG_ENABLE_MODULES = YES;
				CLANG_ENABLE_OBJC_ARC = YES;
				CLANG_ENABLE_OBJC_WEAK = YES;
				CLANG_WARN_BLOCK_CAPTURE_AUTORELEASING = YES;
				CLANG_WARN_BOOL_CONVERSION = YES;
				CLANG_WARN_COMMA = YES;
				CLANG_WARN_CONSTANT_CONVERSION = YES;
				CLANG_WARN_DEPRECATED_OBJC_IMPLEMENTATIONS = YES;
				CLANG_WARN_DIRECT_OBJC_ISA_USAGE = YES_ERROR;
				CLANG_WARN_DOCUMENTATION_COMMENTS = YES;
				CLANG_WARN_EMPTY_BODY = YES;
				CLANG_WARN_ENUM_CONVERSION = YES;
				CLANG_WARN_INFINITE_RECURSION = YES;
				CLANG_WARN_INT_CONVERSION = YES;
				CLANG_WARN_NON_LITERAL_NULL_CONVERSION = YES;
				CLANG_WARN_OBJC_IMPLICIT_RETAIN_SELF = YES;
				CLANG_WARN_OBJC_LITERAL_CONVERSION = YES;
				CLANG_WARN_OBJC_ROOT_CLASS = YES_ERROR;
				CLANG_WARN_QUOTED_INCLUDE_IN_FRAMEWORK_HEADER = YES;
				CLANG_WARN_RANGE_LOOP_ANALYSIS = YES;
				CLANG_WARN_STRICT_PROTOTYPES = YES;
				CLANG_WARN_SUSPICIOUS_MOVE = YES;
				CLANG_WARN_UNGUARDED_AVAILABILITY = YES_AGGRESSIVE;
				CLANG_WARN_UNREACHABLE_CODE = YES;
				CLANG_WARN__DUPLICATE_METHOD_MATCH = YES;
				COPY_PHASE_STRIP = NO;
				DEBUG_INFORMATION_FORMAT = "dwarf-with-dsym";
				ENABLE_NS_ASSERTIONS = NO;
				ENABLE_STRICT_OBJC_MSGSEND = YES;
				GCC_C_LANGUAGE_STANDARD = gnu11;
				GCC_NO_COMMON_BLOCKS = YES;
				GCC_WARN_64_TO_32_BIT_CONVERSION = YES;
				GCC_WARN_ABOUT_RETURN_TYPE = YES_ERROR;
				GCC_WARN_UNDECLARED_SELECTOR = YES;
				GCC_WARN_UNINITIALIZED_AUTOS = YES_AGGRESSIVE;
				GCC_WARN_UNUSED_FUNCTION = YES;
				GCC_WARN_UNUSED_VARIABLE = YES;
				IPHONEOS_DEPLOYMENT_TARGET = 16.2;
				MTL_ENABLE_DEBUG_INFO = NO;
				MTL_FAST_MATH = YES;
				SDKROOT = iphoneos;
				SWIFT_COMPILATION_MODE = wholemodule;
				SWIFT_OPTIMIZATION_LEVEL = "-O";
				VALIDATE_PRODUCT = YES;
			};
			name = Release;
		};
		BB4A345729B4ED5100695DA8 /* Debug */ = {
			isa = XCBuildConfiguration;
			buildSettings = {
				ASSETCATALOG_COMPILER_APPICON_NAME = AppIcon;
				ASSETCATALOG_COMPILER_GLOBAL_ACCENT_COLOR_NAME = AccentColor;
				CODE_SIGN_STYLE = Automatic;
				CURRENT_PROJECT_VERSION = 1;
				DEVELOPMENT_ASSET_PATHS = "\"$(SRCROOT)/ElectroShop/Resources/Preview Content\"";
				DEVELOPMENT_TEAM = 3HD2DR99MJ;
				ENABLE_PREVIEWS = YES;
				GENERATE_INFOPLIST_FILE = YES;
				INFOPLIST_KEY_UIApplicationSceneManifest_Generation = YES;
				INFOPLIST_KEY_UIApplicationSupportsIndirectInputEvents = YES;
				INFOPLIST_KEY_UILaunchScreen_Generation = YES;
				INFOPLIST_KEY_UISupportedInterfaceOrientations_iPad = "UIInterfaceOrientationPortrait UIInterfaceOrientationPortraitUpsideDown UIInterfaceOrientationLandscapeLeft UIInterfaceOrientationLandscapeRight";
				INFOPLIST_KEY_UISupportedInterfaceOrientations_iPhone = "UIInterfaceOrientationPortrait UIInterfaceOrientationLandscapeLeft UIInterfaceOrientationLandscapeRight";
				LD_RUNPATH_SEARCH_PATHS = (
					"$(inherited)",
					"@executable_path/Frameworks",
				);
				MARKETING_VERSION = 1.0;
				PRODUCT_BUNDLE_IDENTIFIER = firstConsole.ElectroShop;
				PRODUCT_NAME = "$(TARGET_NAME)";
				SWIFT_EMIT_LOC_STRINGS = YES;
				SWIFT_VERSION = 5.0;
				TARGETED_DEVICE_FAMILY = "1,2";
			};
			name = Debug;
		};
		BB4A345829B4ED5100695DA8 /* Release */ = {
			isa = XCBuildConfiguration;
			buildSettings = {
				ASSETCATALOG_COMPILER_APPICON_NAME = AppIcon;
				ASSETCATALOG_COMPILER_GLOBAL_ACCENT_COLOR_NAME = AccentColor;
				CODE_SIGN_STYLE = Automatic;
				CURRENT_PROJECT_VERSION = 1;
				DEVELOPMENT_ASSET_PATHS = "\"$(SRCROOT)/ElectroShop/Resources/Preview Content\"";
				DEVELOPMENT_TEAM = 3HD2DR99MJ;
				ENABLE_PREVIEWS = YES;
				GENERATE_INFOPLIST_FILE = YES;
				INFOPLIST_KEY_UIApplicationSceneManifest_Generation = YES;
				INFOPLIST_KEY_UIApplicationSupportsIndirectInputEvents = YES;
				INFOPLIST_KEY_UILaunchScreen_Generation = YES;
				INFOPLIST_KEY_UISupportedInterfaceOrientations_iPad = "UIInterfaceOrientationPortrait UIInterfaceOrientationPortraitUpsideDown UIInterfaceOrientationLandscapeLeft UIInterfaceOrientationLandscapeRight";
				INFOPLIST_KEY_UISupportedInterfaceOrientations_iPhone = "UIInterfaceOrientationPortrait UIInterfaceOrientationLandscapeLeft UIInterfaceOrientationLandscapeRight";
				LD_RUNPATH_SEARCH_PATHS = (
					"$(inherited)",
					"@executable_path/Frameworks",
				);
				MARKETING_VERSION = 1.0;
				PRODUCT_BUNDLE_IDENTIFIER = firstConsole.ElectroShop;
				PRODUCT_NAME = "$(TARGET_NAME)";
				SWIFT_EMIT_LOC_STRINGS = YES;
				SWIFT_VERSION = 5.0;
				TARGETED_DEVICE_FAMILY = "1,2";
			};
			name = Release;
		};
		BB4A345A29B4ED5100695DA8 /* Debug */ = {
			isa = XCBuildConfiguration;
			buildSettings = {
				ALWAYS_EMBED_SWIFT_STANDARD_LIBRARIES = YES;
				BUNDLE_LOADER = "$(TEST_HOST)";
				CODE_SIGN_STYLE = Automatic;
				CURRENT_PROJECT_VERSION = 1;
				DEVELOPMENT_TEAM = 3HD2DR99MJ;
				GENERATE_INFOPLIST_FILE = YES;
				IPHONEOS_DEPLOYMENT_TARGET = 16.2;
				MARKETING_VERSION = 1.0;
				PRODUCT_BUNDLE_IDENTIFIER = firstConsole.ElectroShopTests;
				PRODUCT_NAME = "$(TARGET_NAME)";
				SWIFT_EMIT_LOC_STRINGS = NO;
				SWIFT_VERSION = 5.0;
				TARGETED_DEVICE_FAMILY = "1,2";
				TEST_HOST = "$(BUILT_PRODUCTS_DIR)/ElectroShop.app/$(BUNDLE_EXECUTABLE_FOLDER_PATH)/ElectroShop";
			};
			name = Debug;
		};
		BB4A345B29B4ED5100695DA8 /* Release */ = {
			isa = XCBuildConfiguration;
			buildSettings = {
				ALWAYS_EMBED_SWIFT_STANDARD_LIBRARIES = YES;
				BUNDLE_LOADER = "$(TEST_HOST)";
				CODE_SIGN_STYLE = Automatic;
				CURRENT_PROJECT_VERSION = 1;
				DEVELOPMENT_TEAM = 3HD2DR99MJ;
				GENERATE_INFOPLIST_FILE = YES;
				IPHONEOS_DEPLOYMENT_TARGET = 16.2;
				MARKETING_VERSION = 1.0;
				PRODUCT_BUNDLE_IDENTIFIER = firstConsole.ElectroShopTests;
				PRODUCT_NAME = "$(TARGET_NAME)";
				SWIFT_EMIT_LOC_STRINGS = NO;
				SWIFT_VERSION = 5.0;
				TARGETED_DEVICE_FAMILY = "1,2";
				TEST_HOST = "$(BUILT_PRODUCTS_DIR)/ElectroShop.app/$(BUNDLE_EXECUTABLE_FOLDER_PATH)/ElectroShop";
			};
			name = Release;
		};
		BB4A345D29B4ED5100695DA8 /* Debug */ = {
			isa = XCBuildConfiguration;
			buildSettings = {
				ALWAYS_EMBED_SWIFT_STANDARD_LIBRARIES = YES;
				CODE_SIGN_STYLE = Automatic;
				CURRENT_PROJECT_VERSION = 1;
				DEVELOPMENT_TEAM = 3HD2DR99MJ;
				GENERATE_INFOPLIST_FILE = YES;
				MARKETING_VERSION = 1.0;
				PRODUCT_BUNDLE_IDENTIFIER = firstConsole.ElectroShopUITests;
				PRODUCT_NAME = "$(TARGET_NAME)";
				SWIFT_EMIT_LOC_STRINGS = NO;
				SWIFT_VERSION = 5.0;
				TARGETED_DEVICE_FAMILY = "1,2";
				TEST_TARGET_NAME = ElectroShop;
			};
			name = Debug;
		};
		BB4A345E29B4ED5100695DA8 /* Release */ = {
			isa = XCBuildConfiguration;
			buildSettings = {
				ALWAYS_EMBED_SWIFT_STANDARD_LIBRARIES = YES;
				CODE_SIGN_STYLE = Automatic;
				CURRENT_PROJECT_VERSION = 1;
				DEVELOPMENT_TEAM = 3HD2DR99MJ;
				GENERATE_INFOPLIST_FILE = YES;
				MARKETING_VERSION = 1.0;
				PRODUCT_BUNDLE_IDENTIFIER = firstConsole.ElectroShopUITests;
				PRODUCT_NAME = "$(TARGET_NAME)";
				SWIFT_EMIT_LOC_STRINGS = NO;
				SWIFT_VERSION = 5.0;
				TARGETED_DEVICE_FAMILY = "1,2";
				TEST_TARGET_NAME = ElectroShop;
			};
			name = Release;
		};
/* End XCBuildConfiguration section */

/* Begin XCConfigurationList section */
		BB4A342D29B4ED5000695DA8 /* Build configuration list for PBXProject "ElectroShop" */ = {
			isa = XCConfigurationList;
			buildConfigurations = (
				BB4A345429B4ED5100695DA8 /* Debug */,
				BB4A345529B4ED5100695DA8 /* Release */,
			);
			defaultConfigurationIsVisible = 0;
			defaultConfigurationName = Release;
		};
		BB4A345629B4ED5100695DA8 /* Build configuration list for PBXNativeTarget "ElectroShop" */ = {
			isa = XCConfigurationList;
			buildConfigurations = (
				BB4A345729B4ED5100695DA8 /* Debug */,
				BB4A345829B4ED5100695DA8 /* Release */,
			);
			defaultConfigurationIsVisible = 0;
			defaultConfigurationName = Release;
		};
		BB4A345929B4ED5100695DA8 /* Build configuration list for PBXNativeTarget "ElectroShopTests" */ = {
			isa = XCConfigurationList;
			buildConfigurations = (
				BB4A345A29B4ED5100695DA8 /* Debug */,
				BB4A345B29B4ED5100695DA8 /* Release */,
			);
			defaultConfigurationIsVisible = 0;
			defaultConfigurationName = Release;
		};
		BB4A345C29B4ED5100695DA8 /* Build configuration list for PBXNativeTarget "ElectroShopUITests" */ = {
			isa = XCConfigurationList;
			buildConfigurations = (
				BB4A345D29B4ED5100695DA8 /* Debug */,
				BB4A345E29B4ED5100695DA8 /* Release */,
			);
			defaultConfigurationIsVisible = 0;
			defaultConfigurationName = Release;
		};
/* End XCConfigurationList section */
	};
	rootObject = BB4A342A29B4ED5000695DA8 /* Project object */;
}
